<?xml version="1.0" encoding="utf-8"?>
<Project xmlns="http://schemas.microsoft.com/developer/msbuild/2003">
  <ItemGroup>
    <Filter Include="Form Files">
      <UniqueIdentifier>{99349809-55BA-4b9d-BF79-8FDBB0286EB3}</UniqueIdentifier>
      <Extensions>ui</Extensions>
      <ParseFiles>false</ParseFiles>
    </Filter>
    <Filter Include="Form Files">
      <UniqueIdentifier>{99349809-55BA-4b9d-BF79-8FDBB0286EB3}</UniqueIdentifier>
      <Extensions>ui</Extensions>
      <ParseFiles>false</ParseFiles>
    </Filter>
    <Filter Include="Generated Files">
      <UniqueIdentifier>{71ED8ED8-ACB9-4CE9-BBE1-E00B30144E11}</UniqueIdentifier>
      <Extensions>cpp;c;cxx;moc;h;def;odl;idl;res;</Extensions>
    </Filter>
    <Filter Include="Generated Files">
      <UniqueIdentifier>{71ED8ED8-ACB9-4CE9-BBE1-E00B30144E11}</UniqueIdentifier>
      <Extensions>cpp;c;cxx;moc;h;def;odl;idl;res;</Extensions>
    </Filter>
    <Filter Include="Header Files">
      <UniqueIdentifier>{93995380-89BD-4b04-88EB-625FBE52EBFB}</UniqueIdentifier>
      <Extensions>h;hpp;hxx;hm;inl;inc;xsd</Extensions>
    </Filter>
    <Filter Include="Header Files">
      <UniqueIdentifier>{93995380-89BD-4b04-88EB-625FBE52EBFB}</UniqueIdentifier>
      <Extensions>h;hpp;hxx;hm;inl;inc;xsd</Extensions>
    </Filter>
    <Filter Include="Source Files">
      <UniqueIdentifier>{4FC737F1-C7A5-4376-A066-2A32D752A2FF}</UniqueIdentifier>
      <Extensions>cpp;c;cxx;def;odl;idl;hpj;bat;asm;asmx</Extensions>
    </Filter>
    <Filter Include="Source Files">
      <UniqueIdentifier>{4FC737F1-C7A5-4376-A066-2A32D752A2FF}</UniqueIdentifier>
      <Extensions>cpp;c;cxx;def;odl;idl;hpj;bat;asm;asmx</Extensions>
    </Filter>
  </ItemGroup>
  <ItemGroup>
    <ClCompile Include="Config.cpp">
      <Filter>Source Files</Filter>
    </ClCompile>
    <ClCompile Include="PeakSearch.cpp">
      <Filter>Source Files</Filter>
    </ClCompile>
    <ClCompile Include="USBCtrl.cpp">
      <Filter>Source Files</Filter>
    </ClCompile>
    <ClCompile Include="callout.cpp">
      <Filter>Source Files</Filter>
    </ClCompile>
    <ClCompile Include="chartview.cpp">
      <Filter>Source Files</Filter>
    </ClCompile>
    <ClCompile Include="demodulation.cpp">
      <Filter>Source Files</Filter>
    </ClCompile>
    <ClCompile Include="main.cpp">
      <Filter>Source Files</Filter>
    </ClCompile>
    <ClCompile Include="mainwidget.cpp">
      <Filter>Source Files</Filter>
    </ClCompile>
    <ClCompile Include="mainwindow.cpp">
      <Filter>Source Files</Filter>
    </ClCompile>
    <ClCompile Include="plot.cpp">
      <Filter>Source Files</Filter>
    </ClCompile>
    <ClCompile Include="recvdata.cpp">
      <Filter>Source Files</Filter>
    </ClCompile>
    <ClCompile Include="udpconnect.cpp">
      <Filter>Source Files</Filter>
    </ClCompile>
    <ClCompile Include="waveform.cpp">
      <Filter>Source Files</Filter>
    </ClCompile>
    <ClCompile Include="waveplot.cpp">
      <Filter>Source Files</Filter>
    </ClCompile>
    <ClCompile Include="wzserialport.cpp">
      <Filter>Source Files</Filter>
    </ClCompile>
  </ItemGroup>
  <ItemGroup>
    <ClInclude Include="sdk\CU3AD.h">
      <Filter>Header Files</Filter>
    </ClInclude>
    <ClInclude Include="CirQueue.h">
      <Filter>Header Files</Filter>
    </ClInclude>
    <ClInclude Include="CirQueue1.h">
      <Filter>Header Files</Filter>
    </ClInclude>
    <ClInclude Include="Config.h">
      <Filter>Header Files</Filter>
    </ClInclude>
    <ClInclude Include="sdk\CyUSB3000.h">
      <Filter>Header Files</Filter>
    </ClInclude>
    <QtMoc Include="PeakSearch.h">
      <Filter>Header Files</Filter>
    </QtMoc>
    <ClInclude Include="USBCtrl.h">
      <Filter>Header Files</Filter>
    </ClInclude>
    <ClInclude Include="callout.h">
      <Filter>Header Files</Filter>
    </ClInclude>
    <ClInclude Include="chartview.h">
      <Filter>Header Files</Filter>
    </ClInclude>
    <QtMoc Include="demodulation.h">
      <Filter>Header Files</Filter>
    </QtMoc>
    <QtMoc Include="mainwidget.h">
      <Filter>Header Files</Filter>
    </QtMoc>
    <QtMoc Include="mainwindow.h">
      <Filter>Header Files</Filter>
    </QtMoc>
    <QtMoc Include="plot.h">
      <Filter>Header Files</Filter>
    </QtMoc>
    <QtMoc Include="recvdata.h">
      <Filter>Header Files</Filter>
    </QtMoc>
    <QtMoc Include="udpconnect.h">
      <Filter>Header Files</Filter>
    </QtMoc>
    <QtMoc Include="waveform.h">
      <Filter>Header Files</Filter>
    </QtMoc>
    <QtMoc Include="waveplot.h">
      <Filter>Header Files</Filter>
    </QtMoc>
    <ClInclude Include="wavhead.h">
      <Filter>Header Files</Filter>
    </ClInclude>
    <ClInclude Include="wzserialport.h">
      <Filter>Header Files</Filter>
    </ClInclude>
  </ItemGroup>
  <ItemGroup>
    
    
    
    
    
    
    
    
    
    
    <CustomBuild Include="debug\moc_predefs.h.cbt">
      <Filter>Generated Files</Filter>
    </CustomBuild>
    <CustomBuild Include="release\moc_predefs.h.cbt">
      <Filter>Generated Files</Filter>
    </CustomBuild>
    
    
    
    
    
    
    
    
    
    
    
    
    
  </ItemGroup>
  <ItemGroup>
    <QtUic Include="mainwidget.ui">
      <Filter>Form Files</Filter>
    </QtUic>
    <QtUic Include="mainwindow.ui">
      <Filter>Form Files</Filter>
    </QtUic>
    <QtUic Include="plot.ui">
      <Filter>Form Files</Filter>
    </QtUic>
    <QtUic Include="waveform.ui">
      <Filter>Form Files</Filter>
    </QtUic>
    <QtUic Include="waveplot.ui">
      <Filter>Form Files</Filter>
    </QtUic>
  </ItemGroup>
</Project>